{
  "requires": true,
  "lockfileVersion": 1,
  "dependencies": {
    "root-css": {
      "version": "0.1.2",
      "resolved": "https://registry.npmjs.org/root-css/-/root-css-0.1.2.tgz",
      "integrity": "sha512-aIKZ2ZoFAPczQJewq4I8zMXOyFPnNjlOA3j2WyB1z16oAFkpDjHUhOVUaDimhpYnEi0YvQpTicfWUIe+BXgP/g=="
    }
  }
}
